<Solution>
  <Project Path="src/libpjsua2maui.android/libpjsua2maui.android.csproj" />
  <Project Path="src/libpjsua2maui.ios/libpjsua2maui.ios.csproj" />
  <Project Path="src/libpjsua2maui.mac/libpjsua2maui.mac.csproj" />
  <Project Path="src/libpjsua2maui.win/libpjsua2maui.win.csproj" />
</Solution>
